// !$*UTF8*$!
{
	archiveVersion = 1;
	classes = {
	};
	objectVersion = 55;
	objects = {

/* Begin PBXBuildFile section */
		2DFA769C504115CD855F33EF /* Pods_SpringDemo.framework in Frameworks */ = {isa = PBXBuildFile; fileRef = 217AEDE79BF3878966351C6B /* Pods_SpringDemo.framework */; };
		E7360B3728A59CF300B14D88 /* Animation.swift in Sources */ = {isa = PBXBuildFile; fileRef = E7360B3628A59CF300B14D88 /* Animation.swift */; };
		E7B6486C28A5964C00F5E60B /* AppDelegate.swift in Sources */ = {isa = PBXBuildFile; fileRef = E7B6486B28A5964C00F5E60B /* AppDelegate.swift */; };
		E7B6486E28A5964C00F5E60B /* SceneDelegate.swift in Sources */ = {isa = PBXBuildFile; fileRef = E7B6486D28A5964C00F5E60B /* SceneDelegate.swift */; };
		E7B6487028A5964C00F5E60B /* ViewController.swift in Sources */ = {isa = PBXBuildFile; fileRef = E7B6486F28A5964C00F5E60B /* ViewController.swift */; };
		E7B6487328A5964C00F5E60B /* Main.storyboard in Resources */ = {isa = PBXBuildFile; fileRef = E7B6487128A5964C00F5E60B /* Main.storyboard */; };
		E7B6487528A5964E00F5E60B /* Assets.xcassets in Resources */ = {isa = PBXBuildFile; fileRef = E7B6487428A5964E00F5E60B /* Assets.xcassets */; };
		E7B6487828A5964E00F5E60B /* LaunchScreen.storyboard in Resources */ = {isa = PBXBuildFile; fileRef = E7B6487628A5964E00F5E60B /* LaunchScreen.storyboard */; };
/* End PBXBuildFile section */

/* Begin PBXFileReference section */
		1DC2B83FF4C41C1354F82C47 /* Pods-SpringDemo.release.xcconfig */ = {isa = PBXFileReference; includeInIndex = 1; lastKnownFileType = text.xcconfig; name = "Pods-SpringDemo.release.xcconfig"; path = "Target Support Files/Pods-SpringDemo/Pods-SpringDemo.release.xcconfig"; sourceTree = "<group>"; };
		217AEDE79BF3878966351C6B /* Pods_SpringDemo.framework */ = {isa = PBXFileReference; explicitFileType = wrapper.framework; includeInIndex = 0; path = Pods_SpringDemo.framework; sourceTree = BUILT_PRODUCTS_DIR; };
		DF6D00E06571872A85104CC2 /* Pods-SpringDemo.debug.xcconfig */ = {isa = PBXFileReference; includeInIndex = 1; lastKnownFileType = text.xcconfig; name = "Pods-SpringDemo.debug.xcconfig"; path = "Target Support Files/Pods-SpringDemo/Pods-SpringDemo.debug.xcconfig"; sourceTree = "<group>"; };
		E7360B3628A59CF300B14D88 /* Animation.swift */ = {isa = PBXFileReference; lastKnownFileType = sourcecode.swift; path = Animation.swift; sourceTree = "<group>"; };
		E7B6486828A5964C00F5E60B /* SpringDemo.app */ = {isa = PBXFileReference; explicitFileType = wrapper.application; includeInIndex = 0; path = SpringDemo.app; sourceTree = BUILT_PRODUCTS_DIR; };
		E7B6486B28A5964C00F5E60B /* AppDelegate.swift */ = {isa = PBXFileReference; lastKnownFileType = sourcecode.swift; path = AppDelegate.swift; sourceTree = "<group>"; };
		E7B6486D28A5964C00F5E60B /* SceneDelegate.swift */ = {isa = PBXFileReference; lastKnownFileType = sourcecode.swift; path = SceneDelegate.swift; sourceTree = "<group>"; };
		E7B6486F28A5964C00F5E60B /* ViewController.swift */ = {isa = PBXFileReference; lastKnownFileType = sourcecode.swift; path = ViewController.swift; sourceTree = "<group>"; };
		E7B6487228A5964C00F5E60B /* Base */ = {isa = PBXFileReference; lastKnownFileType = file.storyboard; name = Base; path = Base.lproj/Main.storyboard; sourceTree = "<group>"; };
		E7B6487428A5964E00F5E60B /* Assets.xcassets */ = {isa = PBXFileReference; lastKnownFileType = folder.assetcatalog; path = Assets.xcassets; sourceTree = "<group>"; };
		E7B6487728A5964E00F5E60B /* Base */ = {isa = PBXFileReference; lastKnownFileType = file.storyboard; name = Base; path = Base.lproj/LaunchScreen.storyboard; sourceTree = "<group>"; };
		E7B6487928A5964E00F5E60B /* Info.plist */ = {isa = PBXFileReference; lastKnownFileType = text.plist.xml; path = Info.plist; sourceTree = "<group>"; };
/* End PBXFileReference section */

/* Begin PBXFrameworksBuildPhase section */
		E7B6486528A5964C00F5E60B /* Frameworks */ = {
			isa = PBXFrameworksBuildPhase;
			buildActionMask = 2147483647;
			files = (
				2DFA769C504115CD855F33EF /* Pods_SpringDemo.framework in Frameworks */,
			);
			runOnlyForDeploymentPostprocessing = 0;
		};
/* End PBXFrameworksBuildPhase section */

/* Begin PBXGroup section */
		77708672304F453CC39427CD /* Pods */ = {
			isa = PBXGroup;
			children = (
				DF6D00E06571872A85104CC2 /* Pods-SpringDemo.debug.xcconfig */,
				1DC2B83FF4C41C1354F82C47 /* Pods-SpringDemo.release.xcconfig */,
			);
			path = Pods;
			sourceTree = "<group>";
		};
		CB64C1ED403C6911C0487BC3 /* Frameworks */ = {
			isa = PBXGroup;
			children = (
				217AEDE79BF3878966351C6B /* Pods_SpringDemo.framework */,
			);
			name = Frameworks;
			sourceTree = "<group>";
		};
		E7360B3528A59CE500B14D88 /* Model */ = {
			isa = PBXGroup;
			children = (
				E7360B3628A59CF300B14D88 /* Animation.swift */,
			);
			path = Model;
			sourceTree = "<group>";
		};
		E7B6485F28A5964C00F5E60B = {
			isa = PBXGroup;
			children = (
				E7B6486A28A5964C00F5E60B /* SpringDemo */,
				E7B6486928A5964C00F5E60B /* Products */,
				77708672304F453CC39427CD /* Pods */,
				CB64C1ED403C6911C0487BC3 /* Frameworks */,
			);
			sourceTree = "<group>";
		};
		E7B6486928A5964C00F5E60B /* Products */ = {
			isa = PBXGroup;
			children = (
				E7B6486828A5964C00F5E60B /* SpringDemo.app */,
			);
			name = Products;
			sourceTree = "<group>";
		};
		E7B6486A28A5964C00F5E60B /* SpringDemo */ = {
			isa = PBXGroup;
			children = (
				E7360B3528A59CE500B14D88 /* Model */,
				E7B6488028A5969000F5E60B /* Controller */,
				E7B6487F28A5968800F5E60B /* View */,
				E7B6488128A5969D00F5E60B /* SupportingFiles */,
			);
			path = SpringDemo;
			sourceTree = "<group>";
		};
		E7B6487F28A5968800F5E60B /* View */ = {
			isa = PBXGroup;
			children = (
				E7B6487128A5964C00F5E60B /* Main.storyboard */,
				E7B6487628A5964E00F5E60B /* LaunchScreen.storyboard */,
			);
			path = View;
			sourceTree = "<group>";
		};
		E7B6488028A5969000F5E60B /* Controller */ = {
			isa = PBXGroup;
			children = (
				E7B6486F28A5964C00F5E60B /* ViewController.swift */,
			);
			path = Controller;
			sourceTree = "<group>";
		};
		E7B6488128A5969D00F5E60B /* SupportingFiles */ = {
			isa = PBXGroup;
			children = (
				E7B6486B28A5964C00F5E60B /* AppDelegate.swift */,
				E7B6486D28A5964C00F5E60B /* SceneDelegate.swift */,
				E7B6487428A5964E00F5E60B /* Assets.xcassets */,
				E7B6487928A5964E00F5E60B /* Info.plist */,
			);
			path = SupportingFiles;
			sourceTree = "<group>";
		};
/* End PBXGroup section */

/* Begin PBXNativeTarget section */
		E7B6486728A5964C00F5E60B /* SpringDemo */ = {
			isa = PBXNativeTarget;
			buildConfigurationList = E7B6487C28A5964E00F5E60B /* Build configuration list for PBXNativeTarget "SpringDemo" */;
			buildPhases = (
				518606A8852FB5B7CBA76D34 /* [CP] Check Pods Manifest.lock */,
				E7B6486428A5964C00F5E60B /* Sources */,
				E7B6486528A5964C00F5E60B /* Frameworks */,
				E7B6486628A5964C00F5E60B /* Resources */,
				048C706E9CFB1D0FDED31B5B /* [CP] Embed Pods Frameworks */,
			);
			buildRules = (
			);
			dependencies = (
			);
			name = SpringDemo;
			productName = SpringDemo;
			productReference = E7B6486828A5964C00F5E60B /* SpringDemo.app */;
			productType = "com.apple.product-type.application";
		};
/* End PBXNativeTarget section */

/* Begin PBXProject section */
		E7B6486028A5964C00F5E60B /* Project object */ = {
			isa = PBXProject;
			attributes = {
				BuildIndependentTargetsInParallel = 1;
				LastSwiftUpdateCheck = 1340;
				LastUpgradeCheck = 1340;
				TargetAttributes = {
					E7B6486728A5964C00F5E60B = {
						CreatedOnToolsVersion = 13.4.1;
					};
				};
			};
			buildConfigurationList = E7B6486328A5964C00F5E60B /* Build configuration list for PBXProject "SpringDemo" */;
			compatibilityVersion = "Xcode 13.0";
			developmentRegion = en;
			hasScannedForEncodings = 0;
			knownRegions = (
				en,
				Base,
			);
			mainGroup = E7B6485F28A5964C00F5E60B;
			productRefGroup = E7B6486928A5964C00F5E60B /* Products */;
			projectDirPath = "";
			projectRoot = "";
			targets = (
				E7B6486728A5964C00F5E60B /* SpringDemo */,
			);
		};
/* End PBXProject section */

/* Begin PBXResourcesBuildPhase section */
		E7B6486628A5964C00F5E60B /* Resources */ = {
			isa = PBXResourcesBuildPhase;
			buildActionMask = 2147483647;
			files = (
				E7B6487828A5964E00F5E60B /* LaunchScreen.storyboard in Resources */,
				E7B6487528A5964E00F5E60B /* Assets.xcassets in Resources */,
				E7B6487328A5964C00F5E60B /* Main.storyboard in Resources */,
			);
			runOnlyForDeploymentPostprocessing = 0;
		};
/* End PBXResourcesBuildPhase section */

/* Begin PBXShellScriptBuildPhase section */
		048C706E9CFB1D0FDED31B5B /* [CP] Embed Pods Frameworks */ = {
			isa = PBXShellScriptBuildPhase;
			buildActionMask = 2147483647;
			files = (
			);
			inputFileListPaths = (
				"${PODS_ROOT}/Target Support Files/Pods-SpringDemo/Pods-SpringDemo-frameworks-${CONFIGURATION}-input-files.xcfilelist",
			);
			name = "[CP] Embed Pods Frameworks";
			outputFileListPaths = (
				"${PODS_ROOT}/Target Support Files/Pods-SpringDemo/Pods-SpringDemo-frameworks-${CONFIGURATION}-output-files.xcfilelist",
			);
			runOnlyForDeploymentPostprocessing = 0;
			shellPath = /bin/sh;
			shellScript = "\"${PODS_ROOT}/Target Support Files/Pods-SpringDemo/Pods-SpringDemo-frameworks.sh\"\n";
			showEnvVarsInLog = 0;
		};
		518606A8852FB5B7CBA76D34 /* [CP] Check Pods Manifest.lock */ = {
			isa = PBXShellScriptBuildPhase;
			buildActionMask = 2147483647;
			files = (
			);
			inputFileListPaths = (
			);
			inputPaths = (
				"${PODS_PODFILE_DIR_PATH}/Podfile.lock",
				"${PODS_ROOT}/Manifest.lock",
			);
			name = "[CP] Check Pods Manifest.lock";
			outputFileListPaths = (
			);
			outputPaths = (
				"$(DERIVED_FILE_DIR)/Pods-SpringDemo-checkManifestLockResult.txt",
			);
			runOnlyForDeploymentPostprocessing = 0;
			shellPath = /bin/sh;
			shellScript = "diff \"${PODS_PODFILE_DIR_PATH}/Podfile.lock\" \"${PODS_ROOT}/Manifest.lock\" > /dev/null\nif [ $? != 0 ] ; then\n    # print error to STDERR\n    echo \"error: The sandbox is not in sync with the Podfile.lock. Run 'pod install' or update your CocoaPods installation.\" >&2\n    exit 1\nfi\n# This output is used by Xcode 'outputs' to avoid re-running this script phase.\necho \"SUCCESS\" > \"${SCRIPT_OUTPUT_FILE_0}\"\n";
			showEnvVarsInLog = 0;
		};
/* End PBXShellScriptBuildPhase section */

/* Begin PBXSourcesBuildPhase section */
		E7B6486428A5964C00F5E60B /* Sources */ = {
			isa = PBXSourcesBuildPhase;
			buildActionMask = 2147483647;
			files = (
				E7B6487028A5964C00F5E60B /* ViewController.swift in Sources */,
				E7B6486C28A5964C00F5E60B /* AppDelegate.swift in Sources */,
				E7360B3728A59CF300B14D88 /* Animation.swift in Sources */,
				E7B6486E28A5964C00F5E60B /* SceneDelegate.swift in Sources */,
			);
			runOnlyForDeploymentPostprocessing = 0;
		};
/* End PBXSourcesBuildPhase section */

/* Begin PBXVariantGroup section */
		E7B6487128A5964C00F5E60B /* Main.storyboard */ = {
			isa = PBXVariantGroup;
			children = (
				E7B6487228A5964C00F5E60B /* Base */,
			);
			name = Main.storyboard;
			sourceTree = "<group>";
		};
		E7B6487628A5964E00F5E60B /* LaunchScreen.storyboard */ = {
			isa = PBXVariantGroup;
			children = (
				E7B6487728A5964E00F5E60B /* Base */,
			);
			name = LaunchScreen.storyboard;
			sourceTree = "<group>";
		};
/* End PBXVariantGroup section */

/* Begin XCBuildConfiguration section */
		E7B6487A28A5964E00F5E60B /* Debug */ = {
			isa = XCBuildConfiguration;
			buildSettings = {
				ALWAYS_SEARCH_USER_PATHS = NO;
				CLANG_ANALYZER_NONNULL = YES;
				CLANG_ANALYZER_NUMBER_OBJECT_CONVERSION = YES_AGGRESSIVE;
				CLANG_CXX_LANGUAGE_STANDARD = "gnu++17";
				CLANG_ENABLE_MODULES = YES;
				CLANG_ENABLE_OBJC_ARC = YES;
				CLANG_ENABLE_OBJC_WEAK = YES;
				CLANG_WARN_BLOCK_CAPTURE_AUTORELEASING = YES;
				CLANG_WARN_BOOL_CONVERSION = YES;
				CLANG_WARN_COMMA = YES;
				CLANG_WARN_CONSTANT_CONVERSION = YES;
				CLANG_WARN_DEPRECATED_OBJC_IMPLEMENTATIONS = YES;
				CLANG_WARN_DIRECT_OBJC_ISA_USAGE = YES_ERROR;
				CLANG_WARN_DOCUMENTATION_COMMENTS = YES;
				CLANG_WARN_EMPTY_BODY = YES;
				CLANG_WARN_ENUM_CONVERSION = YES;
				CLANG_WARN_INFINITE_RECURSION = YES;
				CLANG_WARN_INT_CONVERSION = YES;
				CLANG_WARN_NON_LITERAL_NULL_CONVERSION = YES;
				CLANG_WARN_OBJC_IMPLICIT_RETAIN_SELF = YES;
				CLANG_WARN_OBJC_LITERAL_CONVERSION = YES;
				CLANG_WARN_OBJC_ROOT_CLASS = YES_ERROR;
				CLANG_WARN_QUOTED_INCLUDE_IN_FRAMEWORK_HEADER = YES;
				CLANG_WARN_RANGE_LOOP_ANALYSIS = YES;
				CLANG_WARN_STRICT_PROTOTYPES = YES;
				CLANG_WARN_SUSPICIOUS_MOVE = YES;
				CLANG_WARN_UNGUARDED_AVAILABILITY = YES_AGGRESSIVE;
				CLANG_WARN_UNREACHABLE_CODE = YES;
				CLANG_WARN__DUPLICATE_METHOD_MATCH = YES;
				COPY_PHASE_STRIP = NO;
				DEBUG_INFORMATION_FORMAT = dwarf;
				ENABLE_STRICT_OBJC_MSGSEND = YES;
				ENABLE_TESTABILITY = YES;
				GCC_C_LANGUAGE_STANDARD = gnu11;
				GCC_DYNAMIC_NO_PIC = NO;
				GCC_NO_COMMON_BLOCKS = YES;
				GCC_OPTIMIZATION_LEVEL = 0;
				GCC_PREPROCESSOR_DEFINITIONS = (
					"DEBUG=1",
					"$(inherited)",
				);
				GCC_WARN_64_TO_32_BIT_CONVERSION = YES;
				GCC_WARN_ABOUT_RETURN_TYPE = YES_ERROR;
				GCC_WARN_UNDECLARED_SELECTOR = YES;
				GCC_WARN_UNINITIALIZED_AUTOS = YES_AGGRESSIVE;
				GCC_WARN_UNUSED_FUNCTION = YES;
				GCC_WARN_UNUSED_VARIABLE = YES;
				IPHONEOS_DEPLOYMENT_TARGET = 15.5;
				MTL_ENABLE_DEBUG_INFO = INCLUDE_SOURCE;
				MTL_FAST_MATH = YES;
				ONLY_ACTIVE_ARCH = YES;
				SDKROOT = iphoneos;
				SWIFT_ACTIVE_COMPILATION_CONDITIONS = DEBUG;
				SWIFT_OPTIMIZATION_LEVEL = "-Onone";
			};
			name = Debug;
		};
		E7B6487B28A5964E00F5E60B /* Release */ = {
			isa = XCBuildConfiguration;
			buildSettings = {
				ALWAYS_SEARCH_USER_PATHS = NO;
				CLANG_ANALYZER_NONNULL = YES;
				CLANG_ANALYZER_NUMBER_OBJECT_CONVERSION = YES_AGGRESSIVE;
				CLANG_CXX_LANGUAGE_STANDARD = "gnu++17";
				CLANG_ENABLE_MODULES = YES;
				CLANG_ENABLE_OBJC_ARC = YES;
				CLANG_ENABLE_OBJC_WEAK = YES;
				CLANG_WARN_BLOCK_CAPTURE_AUTORELEASING = YES;
				CLANG_WARN_BOOL_CONVERSION = YES;
				CLANG_WARN_COMMA = YES;
				CLANG_WARN_CONSTANT_CONVERSION = YES;
				CLANG_WARN_DEPRECATED_OBJC_IMPLEMENTATIONS = YES;
				CLANG_WARN_DIRECT_OBJC_ISA_USAGE = YES_ERROR;
				CLANG_WARN_DOCUMENTATION_COMMENTS = YES;
				CLANG_WARN_EMPTY_BODY = YES;
				CLANG_WARN_ENUM_CONVERSION = YES;
				CLANG_WARN_INFINITE_RECURSION = YES;
				CLANG_WARN_INT_CONVERSION = YES;
				CLANG_WARN_NON_LITERAL_NULL_CONVERSION = YES;
				CLANG_WARN_OBJC_IMPLICIT_RETAIN_SELF = YES;
				CLANG_WARN_OBJC_LITERAL_CONVERSION = YES;
				CLANG_WARN_OBJC_ROOT_CLASS = YES_ERROR;
				CLANG_WARN_QUOTED_INCLUDE_IN_FRAMEWORK_HEADER = YES;
				CLANG_WARN_RANGE_LOOP_ANALYSIS = YES;
				CLANG_WARN_STRICT_PROTOTYPES = YES;
				CLANG_WARN_SUSPICIOUS_MOVE = YES;
				CLANG_WARN_UNGUARDED_AVAILABILITY = YES_AGGRESSIVE;
				CLANG_WARN_UNREACHABLE_CODE = YES;
				CLANG_WARN__DUPLICATE_METHOD_MATCH = YES;
				COPY_PHASE_STRIP = NO;
				DEBUG_INFORMATION_FORMAT = "dwarf-with-dsym";
				ENABLE_NS_ASSERTIONS = NO;
				ENABLE_STRICT_OBJC_MSGSEND = YES;
				GCC_C_LANGUAGE_STANDARD = gnu11;
				GCC_NO_COMMON_BLOCKS = YES;
				GCC_WARN_64_TO_32_BIT_CONVERSION = YES;
				GCC_WARN_ABOUT_RETURN_TYPE = YES_ERROR;
				GCC_WARN_UNDECLARED_SELECTOR = YES;
				GCC_WARN_UNINITIALIZED_AUTOS = YES_AGGRESSIVE;
				GCC_WARN_UNUSED_FUNCTION = YES;
				GCC_WARN_UNUSED_VARIABLE = YES;
				IPHONEOS_DEPLOYMENT_TARGET = 15.5;
				MTL_ENABLE_DEBUG_INFO = NO;
				MTL_FAST_MATH = YES;
				SDKROOT = iphoneos;
				SWIFT_COMPILATION_MODE = wholemodule;
				SWIFT_OPTIMIZATION_LEVEL = "-O";
				VALIDATE_PRODUCT = YES;
			};
			name = Release;
		};
		E7B6487D28A5964E00F5E60B /* Debug */ = {
			isa = XCBuildConfiguration;
			baseConfigurationReference = DF6D00E06571872A85104CC2 /* Pods-SpringDemo.debug.xcconfig */;
			buildSettings = {
				ASSETCATALOG_COMPILER_APPICON_NAME = AppIcon;
				ASSETCATALOG_COMPILER_GLOBAL_ACCENT_COLOR_NAME = AccentColor;
				CODE_SIGN_STYLE = Automatic;
				CURRENT_PROJECT_VERSION = 1;
				DEVELOPMENT_TEAM = ZG8HC24927;
				GENERATE_INFOPLIST_FILE = YES;
				INFOPLIST_FILE = SpringDemo/SupportingFiles/Info.plist;
				INFOPLIST_KEY_UIApplicationSupportsIndirectInputEvents = YES;
				INFOPLIST_KEY_UILaunchStoryboardName = LaunchScreen;
				INFOPLIST_KEY_UIMainStoryboardFile = Main;
				INFOPLIST_KEY_UISupportedInterfaceOrientations = UIInterfaceOrientationPortrait;
				INFOPLIST_KEY_UISupportedInterfaceOrientations_iPad = UIInterfaceOrientationPortrait;
				INFOPLIST_KEY_UISupportedInterfaceOrientations_iPhone = UIInterfaceOrientationPortrait;
				LD_RUNPATH_SEARCH_PATHS = (
					"$(inherited)",
					"@executable_path/Frameworks",
				);
				MARKETING_VERSION = 1.0;
				PRODUCT_BUNDLE_IDENTIFIER = ru.suslovaleksey.SpringDemo;
				PRODUCT_NAME = "$(TARGET_NAME)";
				SWIFT_EMIT_LOC_STRINGS = YES;
				SWIFT_VERSION = 5.0;
				TARGETED_DEVICE_FAMILY = 1;
			};
			name = Debug;
		};
		E7B6487E28A5964E00F5E60B /* Release */ = {
			isa = XCBuildConfiguration;
			baseConfigurationReference = 1DC2B83FF4C41C1354F82C47 /* Pods-SpringDemo.release.xcconfig */;
			buildSettings = {
				ASSETCATALOG_COMPILER_APPICON_NAME = AppIcon;
				ASSETCATALOG_COMPILER_GLOBAL_ACCENT_COLOR_NAME = AccentColor;
				CODE_SIGN_STYLE = Automatic;
				CURRENT_PROJECT_VERSION = 1;
				DEVELOPMENT_TEAM = ZG8HC24927;
				GENERATE_INFOPLIST_FILE = YES;
				INFOPLIST_FILE = SpringDemo/SupportingFiles/Info.plist;
				INFOPLIST_KEY_UIApplicationSupportsIndirectInputEvents = YES;
				INFOPLIST_KEY_UILaunchStoryboardName = LaunchScreen;
				INFOPLIST_KEY_UIMainStoryboardFile = Main;
				INFOPLIST_KEY_UISupportedInterfaceOrientations = UIInterfaceOrientationPortrait;
				INFOPLIST_KEY_UISupportedInterfaceOrientations_iPad = UIInterfaceOrientationPortrait;
				INFOPLIST_KEY_UISupportedInterfaceOrientations_iPhone = UIInterfaceOrientationPortrait;
				LD_RUNPATH_SEARCH_PATHS = (
					"$(inherited)",
					"@executable_path/Frameworks",
				);
				MARKETING_VERSION = 1.0;
				PRODUCT_BUNDLE_IDENTIFIER = ru.suslovaleksey.SpringDemo;
				PRODUCT_NAME = "$(TARGET_NAME)";
				SWIFT_EMIT_LOC_STRINGS = YES;
				SWIFT_VERSION = 5.0;
				TARGETED_DEVICE_FAMILY = 1;
			};
			name = Release;
		};
/* End XCBuildConfiguration section */

/* Begin XCConfigurationList section */
		E7B6486328A5964C00F5E60B /* Build configuration list for PBXProject "SpringDemo" */ = {
			isa = XCConfigurationList;
			buildConfigurations = (
				E7B6487A28A5964E00F5E60B /* Debug */,
				E7B6487B28A5964E00F5E60B /* Release */,
			);
			defaultConfigurationIsVisible = 0;
			defaultConfigurationName = Release;
		};
		E7B6487C28A5964E00F5E60B /* Build configuration list for PBXNativeTarget "SpringDemo" */ = {
			isa = XCConfigurationList;
			buildConfigurations = (
				E7B6487D28A5964E00F5E60B /* Debug */,
				E7B6487E28A5964E00F5E60B /* Release */,
			);
			defaultConfigurationIsVisible = 0;
			defaultConfigurationName = Release;
		};
/* End XCConfigurationList section */
	};
	rootObject = E7B6486028A5964C00F5E60B /* Project object */;
}
